
Microsoft Visual Studio Solution File, Format Version 12.00
# Visual Studio 2013
VisualStudioVersion = 12.0.21005.1
MinimumVisualStudioVersion = 10.0.40219.1
Project("{FAE04EC0-301F-11D3-BF4B-00C04F79EFBC}") = "DistSpringWebsocketClient", "DistSpringWebsocketClient\DistSpringWebsocketClient.csproj", "{9694D2E2-BBBC-42DB-B1FF-0A3B7FD6621C}"
EndProject
Project("{FAE04EC0-301F-11D3-BF4B-00C04F79EFBC}") = "DistSpringWebsocketClient-App", "DistSpringWebsocketClient-App\DistSpringWebsocketClient-App.csproj", "{DF1C16BC-DFA7-4047-B401-079742F5B189}"
EndProject
Global
	GlobalSection(SolutionConfigurationPlatforms) = preSolution
		Debug|Any CPU = Debug|Any CPU
		Release|Any CPU = Release|Any CPU
	EndGlobalSection
	GlobalSection(ProjectConfigurationPlatforms) = postSolution
		{9694D2E2-BBBC-42DB-B1FF-0A3B7FD6621C}.Debug|Any CPU.ActiveCfg = Debug|Any CPU
		{9694D2E2-BBBC-42DB-B1FF-0A3B7FD6621C}.Debug|Any CPU.Build.0 = Debug|Any CPU
		{9694D2E2-BBBC-42DB-B1FF-0A3B7FD6621C}.Release|Any CPU.ActiveCfg = Release|Any CPU
		{9694D2E2-BBBC-42DB-B1FF-0A3B7FD6621C}.Release|Any CPU.Build.0 = Release|Any CPU
		{DF1C16BC-DFA7-4047-B401-079742F5B189}.Debug|Any CPU.ActiveCfg = Debug|Any CPU
		{DF1C16BC-DFA7-4047-B401-079742F5B189}.Debug|Any CPU.Build.0 = Debug|Any CPU
		{DF1C16BC-DFA7-4047-B401-079742F5B189}.Release|Any CPU.ActiveCfg = Release|Any CPU
		{DF1C16BC-DFA7-4047-B401-079742F5B189}.Release|Any CPU.Build.0 = Release|Any CPU
	EndGlobalSection
	GlobalSection(SolutionProperties) = preSolution
		HideSolutionNode = FALSE
	EndGlobalSection
EndGlobal
